
Microsoft Visual Studio Solution File, Format Version 12.00
# Visual Studio Version 17
VisualStudioVersion = 17.4.33110.190
MinimumVisualStudioVersion = 10.0.40219.1
Project("{FAE04EC0-301F-11D3-BF4B-00C04F79EFBC}") = "Deconstructing", "Deconstructing\Deconstructing.csproj", "{AA0ECF5A-26B5-49A3-95F8-64F0D149872A}"
EndProject
Project("{FAE04EC0-301F-11D3-BF4B-00C04F79EFBC}") = "ClassLibrary1", "ClassLibrary1\ClassLibrary1.csproj", "{9741D6E9-0916-4070-866E-A4C519BD069F}"
EndProject
Global
	GlobalSection(SolutionConfigurationPlatforms) = preSolution
		Debug|Any CPU = Debug|Any CPU
		Release|Any CPU = Release|Any CPU
	EndGlobalSection
	GlobalSection(ProjectConfigurationPlatforms) = postSolution
		{AA0ECF5A-26B5-49A3-95F8-64F0D149872A}.Debug|Any CPU.ActiveCfg = Debug|Any CPU
		{AA0ECF5A-26B5-49A3-95F8-64F0D149872A}.Debug|Any CPU.Build.0 = Debug|Any CPU
		{AA0ECF5A-26B5-49A3-95F8-64F0D149872A}.Release|Any CPU.ActiveCfg = Release|Any CPU
		{AA0ECF5A-26B5-49A3-95F8-64F0D149872A}.Release|Any CPU.Build.0 = Release|Any CPU
		{9741D6E9-0916-4070-866E-A4C519BD069F}.Debug|Any CPU.ActiveCfg = Debug|Any CPU
		{9741D6E9-0916-4070-866E-A4C519BD069F}.Debug|Any CPU.Build.0 = Debug|Any CPU
		{9741D6E9-0916-4070-866E-A4C519BD069F}.Release|Any CPU.ActiveCfg = Release|Any CPU
		{9741D6E9-0916-4070-866E-A4C519BD069F}.Release|Any CPU.Build.0 = Release|Any CPU
	EndGlobalSection
	GlobalSection(SolutionProperties) = preSolution
		HideSolutionNode = FALSE
	EndGlobalSection
	GlobalSection(ExtensibilityGlobals) = postSolution
		SolutionGuid = {F182A1F0-8A4B-42C2-A570-9F0E67D9A35E}
	EndGlobalSection
EndGlobal
