
Microsoft Visual Studio Solution File, Format Version 12.00
# Visual Studio Version 17
VisualStudioVersion = 17.4.33110.190
MinimumVisualStudioVersion = 10.0.40219.1
Project("{FAE04EC0-301F-11D3-BF4B-00C04F79EFBC}") = "AnonymousObjectsExample", "AnonymousObjectsExample\AnonymousObjectsExample.csproj", "{9FC5A1B3-57B2-4178-9411-5007127036F7}"
EndProject
Project("{FAE04EC0-301F-11D3-BF4B-00C04F79EFBC}") = "ClassLibrary1", "ClassLibrary1\ClassLibrary1.csproj", "{99159A79-BCAC-4228-BA25-C55FAEC009EE}"
EndProject
Global
	GlobalSection(SolutionConfigurationPlatforms) = preSolution
		Debug|Any CPU = Debug|Any CPU
		Release|Any CPU = Release|Any CPU
	EndGlobalSection
	GlobalSection(ProjectConfigurationPlatforms) = postSolution
		{9FC5A1B3-57B2-4178-9411-5007127036F7}.Debug|Any CPU.ActiveCfg = Debug|Any CPU
		{9FC5A1B3-57B2-4178-9411-5007127036F7}.Debug|Any CPU.Build.0 = Debug|Any CPU
		{9FC5A1B3-57B2-4178-9411-5007127036F7}.Release|Any CPU.ActiveCfg = Release|Any CPU
		{9FC5A1B3-57B2-4178-9411-5007127036F7}.Release|Any CPU.Build.0 = Release|Any CPU
		{99159A79-BCAC-4228-BA25-C55FAEC009EE}.Debug|Any CPU.ActiveCfg = Debug|Any CPU
		{99159A79-BCAC-4228-BA25-C55FAEC009EE}.Debug|Any CPU.Build.0 = Debug|Any CPU
		{99159A79-BCAC-4228-BA25-C55FAEC009EE}.Release|Any CPU.ActiveCfg = Release|Any CPU
		{99159A79-BCAC-4228-BA25-C55FAEC009EE}.Release|Any CPU.Build.0 = Release|Any CPU
	EndGlobalSection
	GlobalSection(SolutionProperties) = preSolution
		HideSolutionNode = FALSE
	EndGlobalSection
	GlobalSection(ExtensibilityGlobals) = postSolution
		SolutionGuid = {A3579F50-6E77-468F-8F33-83CE00841113}
	EndGlobalSection
EndGlobal
