
Microsoft Visual Studio Solution File, Format Version 12.00
# Visual Studio Version 17
VisualStudioVersion = 17.4.33110.190
MinimumVisualStudioVersion = 10.0.40219.1
Project("{FAE04EC0-301F-11D3-BF4B-00C04F79EFBC}") = "StringForLoop", "StringForLoop\StringForLoop.csproj", "{463D3444-4605-4BC8-9AE6-09664BA44CC8}"
EndProject
Global
	GlobalSection(SolutionConfigurationPlatforms) = preSolution
		Debug|Any CPU = Debug|Any CPU
		Release|Any CPU = Release|Any CPU
	EndGlobalSection
	GlobalSection(ProjectConfigurationPlatforms) = postSolution
		{463D3444-4605-4BC8-9AE6-09664BA44CC8}.Debug|Any CPU.ActiveCfg = Debug|Any CPU
		{463D3444-4605-4BC8-9AE6-09664BA44CC8}.Debug|Any CPU.Build.0 = Debug|Any CPU
		{463D3444-4605-4BC8-9AE6-09664BA44CC8}.Release|Any CPU.ActiveCfg = Release|Any CPU
		{463D3444-4605-4BC8-9AE6-09664BA44CC8}.Release|Any CPU.Build.0 = Release|Any CPU
	EndGlobalSection
	GlobalSection(SolutionProperties) = preSolution
		HideSolutionNode = FALSE
	EndGlobalSection
	GlobalSection(ExtensibilityGlobals) = postSolution
		SolutionGuid = {29DAF473-8886-42BB-AA88-CB4492E2A125}
	EndGlobalSection
EndGlobal
