
Microsoft Visual Studio Solution File, Format Version 12.00
# Visual Studio Version 17
VisualStudioVersion = 17.4.33110.190
MinimumVisualStudioVersion = 10.0.40219.1
Project("{FAE04EC0-301F-11D3-BF4B-00C04F79EFBC}") = "Constructors", "Constructors\Constructors.csproj", "{20FE40E3-930A-46B9-AC89-2C991EA1B39A}"
EndProject
Project("{FAE04EC0-301F-11D3-BF4B-00C04F79EFBC}") = "ClassLibrary1", "ClassLibrary1\ClassLibrary1.csproj", "{DA183DDD-2159-4864-B89B-54617CF17F26}"
EndProject
Global
	GlobalSection(SolutionConfigurationPlatforms) = preSolution
		Debug|Any CPU = Debug|Any CPU
		Release|Any CPU = Release|Any CPU
	EndGlobalSection
	GlobalSection(ProjectConfigurationPlatforms) = postSolution
		{20FE40E3-930A-46B9-AC89-2C991EA1B39A}.Debug|Any CPU.ActiveCfg = Debug|Any CPU
		{20FE40E3-930A-46B9-AC89-2C991EA1B39A}.Debug|Any CPU.Build.0 = Debug|Any CPU
		{20FE40E3-930A-46B9-AC89-2C991EA1B39A}.Release|Any CPU.ActiveCfg = Release|Any CPU
		{20FE40E3-930A-46B9-AC89-2C991EA1B39A}.Release|Any CPU.Build.0 = Release|Any CPU
		{DA183DDD-2159-4864-B89B-54617CF17F26}.Debug|Any CPU.ActiveCfg = Debug|Any CPU
		{DA183DDD-2159-4864-B89B-54617CF17F26}.Debug|Any CPU.Build.0 = Debug|Any CPU
		{DA183DDD-2159-4864-B89B-54617CF17F26}.Release|Any CPU.ActiveCfg = Release|Any CPU
		{DA183DDD-2159-4864-B89B-54617CF17F26}.Release|Any CPU.Build.0 = Release|Any CPU
	EndGlobalSection
	GlobalSection(SolutionProperties) = preSolution
		HideSolutionNode = FALSE
	EndGlobalSection
	GlobalSection(ExtensibilityGlobals) = postSolution
		SolutionGuid = {0BC264A4-ECC3-4E1D-AA13-8FF602851078}
	EndGlobalSection
EndGlobal
